
Microsoft Visual Studio Solution File, Format Version 12.00
# Visual Studio Version 17
VisualStudioVersion = 17.9.34902.65
MinimumVisualStudioVersion = 10.0.40219.1
Project("{FAE04EC0-301F-11D3-BF4B-00C04F79EFBC}") = "TestChoDuongXem", "TestChoDuongXem\TestChoDuongXem.csproj", "{91D62C30-5F54-4552-BAAD-12B163EDE74F}"
EndProject
Global
	GlobalSection(SolutionConfigurationPlatforms) = preSolution
		Debug|Any CPU = Debug|Any CPU
		Release|Any CPU = Release|Any CPU
	EndGlobalSection
	GlobalSection(ProjectConfigurationPlatforms) = postSolution
		{91D62C30-5F54-4552-BAAD-12B163EDE74F}.Debug|Any CPU.ActiveCfg = Debug|Any CPU
		{91D62C30-5F54-4552-BAAD-12B163EDE74F}.Debug|Any CPU.Build.0 = Debug|Any CPU
		{91D62C30-5F54-4552-BAAD-12B163EDE74F}.Release|Any CPU.ActiveCfg = Release|Any CPU
		{91D62C30-5F54-4552-BAAD-12B163EDE74F}.Release|Any CPU.Build.0 = Release|Any CPU
	EndGlobalSection
	GlobalSection(SolutionProperties) = preSolution
		HideSolutionNode = FALSE
	EndGlobalSection
	GlobalSection(ExtensibilityGlobals) = postSolution
		SolutionGuid = {08139233-EE80-4446-8989-2A9E0275B7D4}
	EndGlobalSection
EndGlobal
